{
    "_meta": {
        "hash": {
            "sha256": "dafc48671a860d7a2311dcb7bc27640cb2fc5add760f121c8c82faea5a33215c"
        },
        "pipfile-spec": 6,
        "requires": {
            "python_version": "3.7"
        },
        "sources": [
            {
                "name": "pypi",
                "url": "https://pypi.org/simple",
                "verify_ssl": true
            }
        ]
    },
    "default": {
        "asv": {
            "hashes": [
                "sha256:82a3128cb6598a683db62aa51d74bf7dd5a48a5b357c9d0aee43ed1f92782f15"
            ],
            "index": "pypi",
            "version": "==0.3.1"
        },
        "certifi": {
            "hashes": [
                "sha256:47f9c83ef4c0c621eaef743f133f09fa8a74a9b75f037e8624f83bd1b6626cb7",
                "sha256:993f830721089fef441cdfeb4b2c8c9df86f0c63239f06bd025a76a7daddb033"
            ],
            "version": "==2018.11.29"
        },
        "chardet": {
            "hashes": [
                "sha256:84ab92ed1c4d4f16916e05906b6b75a6c0fb5db821cc65e70cbd64a3e2a5eaae",
                "sha256:fc323ffcaeaed0e0a02bf4d117757b98aed530d9ed4531e3e15460124c106691"
            ],
            "version": "==3.0.4"
        },
        "colorama": {
            "hashes": [
                "sha256:463f8483208e921368c9f306094eb6f725c6ca42b0f97e313cb5d5512459feda",
                "sha256:48eb22f4f8461b1df5734a074b57042430fb06e1d61bd1e11b078c0fe6d7a1f1"
            ],
            "version": "==0.3.9"
        },
        "cursor": {
            "hashes": [
                "sha256:8ee9fe5b925e1001f6ae6c017e93682583d2b4d1ef7130a26cfcdf1651c0032c"
            ],
            "version": "==1.2.0"
        },
        "cython": {
            "hashes": [
                "sha256:004c181b75f926f48dc0570372ca2cfb06a1b3210cb647185977ce9fde98b66e",
                "sha256:085d596c016130f5b1e2fe72446e3e63bfcf67535e7ff6772eaa05c5d2ad6fd5",
                "sha256:1014758344717844a05882c92ebd76d8fab15b0a8e9b42b378a99a6c5299ab3b",
                "sha256:12c007d3704ca9840734748fd6c052960be67562ff15609c3b85d1ca638289d2",
                "sha256:1a20f575197e814453f2814829715fcb21436075e298d883a34c7ffe4d567a1d",
                "sha256:1b6f201228368ec9b307261b46512f3605f84d4994bb6eb78cdab71455810424",
                "sha256:2ac187ff998a95abb7fae452b5178f91e1a713698c9ced89836c94e6b1d3f41e",
                "sha256:3585fbe18d8666d91ecb3b3366ca6e9ea49001cd0a7c38a226cececb7852aa0d",
                "sha256:3669dfe4117ee8825a48cf527cb4ac15a39a0142fcb72ecedfd75fe6545b2cda",
                "sha256:382c1e0f8f8be36e9057264677fd60b669a41c5810113694cbbb4060ee0cefc0",
                "sha256:44bb606d8c60d8acaa7f72b3bbc2ebd9816785124c58d33c057ca326f1185dae",
                "sha256:6f1a5344ff1f0f44023c41d4b0e52215b490658b42e017520cb89a56250ecbca",
                "sha256:7a29f9d780ac497dcd76ce814a9d170575bedddeb89ecc25fe738abef4c87172",
                "sha256:8022a5b83ef442584f2efd941fe8678de1c67e28bf81e6671b20627ec8a79387",
                "sha256:998af90092cd1231990eb878e2c71ed92716d6a758aa03a2e6673e077a7dd072",
                "sha256:9e60b83afe8914ab6607f7150fd282d1cb0531a45cf98d2a40159f976ae4cd7a",
                "sha256:a6581d3dda15adea19ac70b89211aadbf21f45c7f3ee3bc8e1536e5437c9faf9",
                "sha256:af515924b8aebb729f631590eb43300ce948fa67d3885fdae9238717c0a68821",
                "sha256:b49ea3bb357bc34eaa7b461633ce7c2d79186fe681297115ff9e2b8f5ceba2fd",
                "sha256:bc524cc603f0aa23af00111ddd1aa0aad12d629f5a9a5207f425a1af66393094",
                "sha256:ca7daccffb14896767b20d69bfc8de9e41e9589b9377110292c3af8460ef9c2b",
                "sha256:cdfb68eb11c6c4e90e34cf54ffd678a7813782fae980d648db6185e6b0c8a0ba",
                "sha256:d21fb6e7a3831f1f8346275839d46ed1eb2abd350fc81bad2fdf208cc9e4f998",
                "sha256:e17104c6871e7c0eee4de12717892a1083bd3b8b1da0ec103fa464b1c6c80964",
                "sha256:e7f71b489959d478cff72d8dcab1531efd43299341e3f8b85ab980beec452ded",
                "sha256:e8420326e4b40bcbb06f070efb218ca2ca21827891b7c69d4cc4802b3ce1afc9",
                "sha256:eec1b890cf5c16cb656a7062769ac276c0fccf898ce215ff8ef75eac740063f7",
                "sha256:f04e21ba7c117b20f57b0af2d4c8ed760495e5bb3f21b0352dbcfe5d2221678b"
            ],
            "index": "pypi",
            "version": "==0.29.2"
        },
        "docker": {
            "hashes": [
                "sha256:145c673f531df772a957bd1ebc49fc5a366bcd55efa0e64bbd029f5cc7a1fd8e",
                "sha256:666611862edded75f6049893f779bff629fdcd4cd21ccf01d648626e709adb13"
            ],
            "index": "pypi",
            "version": "==3.6.0"
        },
        "docker-pycreds": {
            "hashes": [
                "sha256:6ce3270bcaf404cc4c3e27e4b6c70d3521deae82fb508767870fdbf772d584d4",
                "sha256:7266112468627868005106ec19cd0d722702d2b7d5912a28e19b826c3d37af49"
            ],
            "version": "==0.4.0"
        },
        "docopt": {
            "hashes": [
                "sha256:49b3a825280bd66b3aa83585ef59c4a8c82f2c8a522dbe754a8bc8d08c85c491"
            ],
            "index": "pypi",
            "version": "==0.6.2"
        },
        "enum34": {
            "hashes": [
                "sha256:2d81cbbe0e73112bdfe6ef8576f2238f2ba27dd0d55752a776c41d38b7da2850",
                "sha256:644837f692e5f550741432dd3f223bbb9852018674981b1664e5dc339387588a",
                "sha256:6bd0f6ad48ec2aa117d3d141940d484deccda84d4fcd884f5c3d93c23ecd8c79",
                "sha256:8ad8c4783bf61ded74527bffb48ed9b54166685e4230386a9ed9b1279e2df5b1"
            ],
            "version": "==1.1.6"
        },
        "halo": {
            "hashes": [
                "sha256:35c42d33ee6a62e0d3bca5dc9a1bc1e1c22464190d8fca4f1205934c80836470",
                "sha256:868d5197cd5426ec062577765420f4585b2021f784333dff365cb82dc0440ae3"
            ],
            "index": "pypi",
            "version": "==0.0.22"
        },
        "idna": {
            "hashes": [
                "sha256:c357b3f628cf53ae2c4c05627ecc484553142ca23264e593d327bcde5e9c3407",
                "sha256:ea8b7f6188e6fa117537c3df7da9fc686d485087abf6ac197f9c46432f7e4a3c"
            ],
            "version": "==2.8"
        },
        "log-symbols": {
            "hashes": [
                "sha256:87be2f283cd6f455d89b76abcf2805fad5692ec9dcd8a31d10a4c975f51392eb"
            ],
            "version": "==0.0.11"
        },
        "pyproj": {
            "git": "https://github.com/jswhit/pyproj.git",
            "ref": "78540f5ff40da92160f80860416c91ee74b7643c"
        },
        "requests": {
            "hashes": [
                "sha256:502a824f31acdacb3a35b6690b5fbf0bc41d63a24a45c4004352b0242707598e",
                "sha256:7bf2a778576d825600030a110f3c0e3e8edc51dfaafe1c146e39a2027784957b"
            ],
            "version": "==2.21.0"
        },
        "sh": {
            "hashes": [
                "sha256:ae3258c5249493cebe73cb4e18253a41ed69262484bad36fdb3efcb8ad8870bb",
                "sha256:b52bf5833ed01c7b5c5fb73a7f71b3d98d48e9b9b8764236237bdc7ecae850fc"
            ],
            "index": "pypi",
            "version": "==1.12.14"
        },
        "six": {
            "hashes": [
                "sha256:70e8a77beed4562e7f14fe23a786b54f6296e34344c23bc42f07b15018ff98e9",
                "sha256:832dc0e10feb1aa2c68dcc57dbb658f1c7e65b9b61af69048abc87a2db00a0eb"
            ],
            "version": "==1.11.0"
        },
        "spinners": {
            "hashes": [
                "sha256:f396fea1ee00c0622988d7d2bf2895d26dd6f70850ca2ce94eaca52ca4873560"
            ],
            "version": "==0.0.23"
        },
        "synthie": {
            "git": "ssh://git@github.com/Flowminder/synthie.git",
            "ref": "09d6362a0f36ba233304695bdf13adb609d156ea"
        },
        "termcolor": {
            "hashes": [
                "sha256:1d6d69ce66211143803fbc56652b41d73b4a400a2891d7bf7a1cdf4c02de613b"
            ],
            "version": "==1.1.0"
        },
        "tohu": {
            "git": "https://github.com/maxalbert/tohu.git",
            "ref": "c80e6d77d57c69a349a03e80812242a53ecef939"
        },
        "urllib3": {
            "hashes": [
                "sha256:61bf29cada3fc2fbefad4fdf059ea4bd1b4a86d2b6d15e1c7c0b582b9752fe39",
                "sha256:de9529817c93f27c8ccbfead6985011db27bd0ddfcdb2d86f3f663385c6a9c22"
            ],
            "version": "==1.24.1"
        },
        "virtualenv": {
            "hashes": [
                "sha256:686176c23a538ecc56d27ed9d5217abd34644823d6391cbeb232f42bf722baad",
                "sha256:f899fafcd92e1150f40c8215328be38ff24b519cd95357fa6e78e006c7638208"
            ],
            "index": "pypi",
            "version": "==16.1.0"
        },
        "websocket-client": {
            "hashes": [
                "sha256:8c8bf2d4f800c3ed952df206b18c28f7070d9e3dcbd6ca6291127574f57ee786",
                "sha256:e51562c91ddb8148e791f0155fdb01325d99bb52c4cdbb291aee7a3563fd0849"
            ],
            "version": "==0.54.0"
        }
    },
    "develop": {
        "appnope": {
            "hashes": [
                "sha256:5b26757dc6f79a3b7dc9fab95359328d5747fcb2409d331ea66d0272b90ab2a0",
                "sha256:8b995ffe925347a2138d7ac0fe77155e4311a0ea6d6da4f5128fe4b3cbe5ed71"
            ],
            "markers": "sys_platform == 'darwin'",
            "version": "==0.1.0"
        },
        "backcall": {
            "hashes": [
                "sha256:38ecd85be2c1e78f77fd91700c76e14667dc21e2713b63876c0eb901196e01e4",
                "sha256:bbbf4b1e5cd2bdb08f915895b51081c041bac22394fdfcfdfbe9f14b77c08bf2"
            ],
            "version": "==0.1.0"
        },
        "decorator": {
            "hashes": [
                "sha256:2c51dff8ef3c447388fe5e4453d24a2bf128d3a4c32af3fabef1f01c6851ab82",
                "sha256:c39efa13fbdeb4506c476c9b3babf6a718da943dab7811c206005a4a956c080c"
            ],
            "version": "==4.3.0"
        },
        "ipdb": {
            "hashes": [
                "sha256:7081c65ed7bfe7737f83fa4213ca8afd9617b42ff6b3f1daf9a3419839a2a00a"
            ],
            "index": "pypi",
            "version": "==0.11"
        },
        "ipython": {
            "hashes": [
                "sha256:6a9496209b76463f1dec126ab928919aaf1f55b38beb9219af3fe202f6bbdd12",
                "sha256:f69932b1e806b38a7818d9a1e918e5821b685715040b48e59c657b3c7961b742"
            ],
            "index": "pypi",
            "version": "==7.2.0"
        },
        "ipython-genutils": {
            "hashes": [
                "sha256:72dd37233799e619666c9f639a9da83c34013a73e8bbc79a7a6348d93c61fab8",
                "sha256:eb2e116e75ecef9d4d228fdc66af54269afa26ab4463042e33785b887c628ba8"
            ],
            "version": "==0.2.0"
        },
        "jedi": {
            "hashes": [
                "sha256:571702b5bd167911fe9036e5039ba67f820d6502832285cde8c881ab2b2149fd",
                "sha256:c8481b5e59d34a5c7c42e98f6625e633f6ef59353abea6437472c7ec2093f191"
            ],
            "version": "==0.13.2"
        },
        "parso": {
            "hashes": [
                "sha256:35704a43a3c113cce4de228ddb39aab374b8004f4f2407d070b6a2ca784ce8a2",
                "sha256:895c63e93b94ac1e1690f5fdd40b65f07c8171e3e53cbd7793b5b96c0e0a7f24"
            ],
            "version": "==0.3.1"
        },
        "pexpect": {
            "hashes": [
                "sha256:2a8e88259839571d1251d278476f3eec5db26deb73a70be5ed5dc5435e418aba",
                "sha256:3fbd41d4caf27fa4a377bfd16fef87271099463e6fa73e92a52f92dfee5d425b"
            ],
            "markers": "sys_platform != 'win32'",
            "version": "==4.6.0"
        },
        "pickleshare": {
            "hashes": [
                "sha256:87683d47965c1da65cdacaf31c8441d12b8044cdec9aca500cd78fc2c683afca",
                "sha256:9649af414d74d4df115d5d718f82acb59c9d418196b7b4290ed47a12ce62df56"
            ],
            "version": "==0.7.5"
        },
        "prompt-toolkit": {
            "hashes": [
                "sha256:c1d6aff5252ab2ef391c2fe498ed8c088066f66bc64a8d5c095bbf795d9fec34",
                "sha256:d4c47f79b635a0e70b84fdb97ebd9a274203706b1ee5ed44c10da62755cf3ec9",
                "sha256:fd17048d8335c1e6d5ee403c3569953ba3eb8555d710bfc548faf0712666ea39"
            ],
            "version": "==2.0.7"
        },
        "ptyprocess": {
            "hashes": [
                "sha256:923f299cc5ad920c68f2bc0bc98b75b9f838b93b599941a6b63ddbc2476394c0",
                "sha256:d7cc528d76e76342423ca640335bd3633420dc1366f258cb31d05e865ef5ca1f"
            ],
            "version": "==0.6.0"
        },
        "pygments": {
            "hashes": [
                "sha256:5ffada19f6203563680669ee7f53b64dabbeb100eb51b61996085e99c03b284a",
                "sha256:e8218dd399a61674745138520d0d4cf2621d7e032439341bc3f647bff125818d"
            ],
            "version": "==2.3.1"
        },
        "six": {
            "hashes": [
                "sha256:70e8a77beed4562e7f14fe23a786b54f6296e34344c23bc42f07b15018ff98e9",
                "sha256:832dc0e10feb1aa2c68dcc57dbb658f1c7e65b9b61af69048abc87a2db00a0eb"
            ],
            "version": "==1.11.0"
        },
        "traitlets": {
            "hashes": [
                "sha256:9c4bd2d267b7153df9152698efb1050a5d84982d3384a37b2c1f7723ba3e7835",
                "sha256:c6cb5e6f57c5a9bdaa40fa71ce7b4af30298fbab9ece9815b5d995ab6217c7d9"
            ],
            "version": "==4.3.2"
        },
        "wcwidth": {
            "hashes": [
                "sha256:3df37372226d6e63e1b1e1eda15c594bca98a22d33a23832a90998faa96bc65e",
                "sha256:f4ebe71925af7b40a864553f761ed559b43544f8f71746c2d756c7fe788ade7c"
            ],
            "version": "==0.1.7"
        }
    }
}
